{
  "requires": true,
  "lockfileVersion": 1,
  "dependencies": {
    "mime": {
      "version": "2.3.1",
      "resolved": "https://registry.npmjs.org/mime/-/mime-2.3.1.tgz",
      "integrity": "sha512-OEUllcVoydBHGN1z84yfQDimn58pZNNNXgZlHXSboxMlFvgI6MXSWpWKpFRra7H1HxpVhHTkrghfRW49k6yjeg=="
    },
    "nodemailer": {
      "version": "4.6.4",
      "resolved": "https://registry.npmjs.org/nodemailer/-/nodemailer-4.6.4.tgz",
      "integrity": "sha512-SD4uuX7NMzZ5f5m1XHDd13J4UC3SmdJk8DsmU1g6Nrs5h3x9LcXr6EBPZIqXRJ3LrF7RdklzGhZRF/TuylTcLg=="
    }
  }
}
